
Microsoft Visual Studio Solution File, Format Version 12.00
# Visual Studio Version 17
VisualStudioVersion = 17.9.34518.117
MinimumVisualStudioVersion = 10.0.40219.1
Project("{F184B08F-C81C-45F6-A57F-5ABD9991F28F}") = "SGVentas", "SGVentas.vbproj", "{37F85763-6770-4AC3-A685-7CEB46C8EF01}"
EndProject
Global
	GlobalSection(SolutionConfigurationPlatforms) = preSolution
		Debug|Any CPU = Debug|Any CPU
		Release|Any CPU = Release|Any CPU
	EndGlobalSection
	GlobalSection(ProjectConfigurationPlatforms) = postSolution
		{37F85763-6770-4AC3-A685-7CEB46C8EF01}.Debug|Any CPU.ActiveCfg = Debug|Any CPU
		{37F85763-6770-4AC3-A685-7CEB46C8EF01}.Debug|Any CPU.Build.0 = Debug|Any CPU
		{37F85763-6770-4AC3-A685-7CEB46C8EF01}.Release|Any CPU.ActiveCfg = Release|Any CPU
		{37F85763-6770-4AC3-A685-7CEB46C8EF01}.Release|Any CPU.Build.0 = Release|Any CPU
	EndGlobalSection
	GlobalSection(SolutionProperties) = preSolution
		HideSolutionNode = FALSE
	EndGlobalSection
	GlobalSection(ExtensibilityGlobals) = postSolution
		SolutionGuid = {AA5DB45C-7A3B-4C62-97C1-CFCEF7B5062F}
	EndGlobalSection
EndGlobal
